
Microsoft Visual Studio Solution File, Format Version 12.00
# Visual Studio 15
VisualStudioVersion = 15.0.27130.2027
MinimumVisualStudioVersion = 10.0.40219.1
Project("{FAE04EC0-301F-11D3-BF4B-00C04F79EFBC}") = "InventorySystem", "InventorySystem\InventorySystem.csproj", "{EBE9C9F1-E78B-4A5E-9179-04E05736FE88}"
EndProject
Project("{FAE04EC0-301F-11D3-BF4B-00C04F79EFBC}") = "Test", "Test\Test.csproj", "{7DE7E420-9773-44CB-8D9C-B9A23115021E}"
EndProject
Global
	GlobalSection(SolutionConfigurationPlatforms) = preSolution
		Debug|Any CPU = Debug|Any CPU
		Release|Any CPU = Release|Any CPU
	EndGlobalSection
	GlobalSection(ProjectConfigurationPlatforms) = postSolution
		{EBE9C9F1-E78B-4A5E-9179-04E05736FE88}.Debug|Any CPU.ActiveCfg = Debug|Any CPU
		{EBE9C9F1-E78B-4A5E-9179-04E05736FE88}.Debug|Any CPU.Build.0 = Debug|Any CPU
		{EBE9C9F1-E78B-4A5E-9179-04E05736FE88}.Release|Any CPU.ActiveCfg = Release|Any CPU
		{EBE9C9F1-E78B-4A5E-9179-04E05736FE88}.Release|Any CPU.Build.0 = Release|Any CPU
		{7DE7E420-9773-44CB-8D9C-B9A23115021E}.Debug|Any CPU.ActiveCfg = Debug|Any CPU
		{7DE7E420-9773-44CB-8D9C-B9A23115021E}.Debug|Any CPU.Build.0 = Debug|Any CPU
		{7DE7E420-9773-44CB-8D9C-B9A23115021E}.Release|Any CPU.ActiveCfg = Release|Any CPU
		{7DE7E420-9773-44CB-8D9C-B9A23115021E}.Release|Any CPU.Build.0 = Release|Any CPU
	EndGlobalSection
	GlobalSection(SolutionProperties) = preSolution
		HideSolutionNode = FALSE
	EndGlobalSection
	GlobalSection(ExtensibilityGlobals) = postSolution
		SolutionGuid = {BC71C446-424E-47B7-B633-8C42A3DBD4E6}
	EndGlobalSection
EndGlobal
